
Microsoft Visual Studio Solution File, Format Version 12.00
# Visual Studio Version 16
VisualStudioVersion = 16.0.31129.286
MinimumVisualStudioVersion = 10.0.40219.1
Project("{FAE04EC0-301F-11D3-BF4B-00C04F79EFBC}") = "SistemaRestaurant", "SistemaRestaurant\SistemaRestaurant.csproj", "{DCAED915-B216-410D-BF6B-F3C93ACB5A21}"
EndProject
Global
	GlobalSection(SolutionConfigurationPlatforms) = preSolution
		Debug|Any CPU = Debug|Any CPU
		Release|Any CPU = Release|Any CPU
	EndGlobalSection
	GlobalSection(ProjectConfigurationPlatforms) = postSolution
		{DCAED915-B216-410D-BF6B-F3C93ACB5A21}.Debug|Any CPU.ActiveCfg = Debug|Any CPU
		{DCAED915-B216-410D-BF6B-F3C93ACB5A21}.Debug|Any CPU.Build.0 = Debug|Any CPU
		{DCAED915-B216-410D-BF6B-F3C93ACB5A21}.Release|Any CPU.ActiveCfg = Release|Any CPU
		{DCAED915-B216-410D-BF6B-F3C93ACB5A21}.Release|Any CPU.Build.0 = Release|Any CPU
	EndGlobalSection
	GlobalSection(SolutionProperties) = preSolution
		HideSolutionNode = FALSE
	EndGlobalSection
	GlobalSection(ExtensibilityGlobals) = postSolution
		SolutionGuid = {43B4CD41-28AE-4037-8B32-03E54F7C87C8}
	EndGlobalSection
EndGlobal
